{
  "name": "Flash-UI",
  "version": "0.0.0",
  "lockfileVersion": 3,
  "requires": true,
  "packages": {
    "": {
      "name": "Flash-UI",
      "version": "0.0.0",
      "dependencies": {
        "@capacitor/android": "^6.0.0",
        "@capacitor/core": "^6.0.0",
        "react": "^18.0.0",
        "react-dom": "^18.0.0"
      }
    }
  }
}
